
Microsoft Visual Studio Solution File, Format Version 12.00
# Visual Studio Version 17
VisualStudioVersion = 17.5.33424.131
MinimumVisualStudioVersion = 10.0.40219.1
Project("{FAE04EC0-301F-11D3-BF4B-00C04F79EFBC}") = "Integers_Sum", "Integers_Sum\Integers_Sum.csproj", "{DC6BE8B2-0BE1-4AE4-A41A-B4BE43E2212E}"
EndProject
Global
	GlobalSection(SolutionConfigurationPlatforms) = preSolution
		Debug|Any CPU = Debug|Any CPU
		Release|Any CPU = Release|Any CPU
	EndGlobalSection
	GlobalSection(ProjectConfigurationPlatforms) = postSolution
		{DC6BE8B2-0BE1-4AE4-A41A-B4BE43E2212E}.Debug|Any CPU.ActiveCfg = Debug|Any CPU
		{DC6BE8B2-0BE1-4AE4-A41A-B4BE43E2212E}.Debug|Any CPU.Build.0 = Debug|Any CPU
		{DC6BE8B2-0BE1-4AE4-A41A-B4BE43E2212E}.Release|Any CPU.ActiveCfg = Release|Any CPU
		{DC6BE8B2-0BE1-4AE4-A41A-B4BE43E2212E}.Release|Any CPU.Build.0 = Release|Any CPU
	EndGlobalSection
	GlobalSection(SolutionProperties) = preSolution
		HideSolutionNode = FALSE
	EndGlobalSection
	GlobalSection(ExtensibilityGlobals) = postSolution
		SolutionGuid = {B9963665-B971-4795-94C3-8D347BA4D391}
	EndGlobalSection
EndGlobal
